
Microsoft Visual Studio Solution File, Format Version 12.00
# Visual Studio Version 17
VisualStudioVersion = 17.3.32922.545
MinimumVisualStudioVersion = 10.0.40219.1
Project("{FAE04EC0-301F-11D3-BF4B-00C04F79EFBC}") = "draw_crad", "draw_crad\draw_crad.csproj", "{AAF2C896-9F30-4EE9-890E-07065847CD72}"
EndProject
Global
	GlobalSection(SolutionConfigurationPlatforms) = preSolution
		Debug|Any CPU = Debug|Any CPU
		Release|Any CPU = Release|Any CPU
	EndGlobalSection
	GlobalSection(ProjectConfigurationPlatforms) = postSolution
		{AAF2C896-9F30-4EE9-890E-07065847CD72}.Debug|Any CPU.ActiveCfg = Debug|Any CPU
		{AAF2C896-9F30-4EE9-890E-07065847CD72}.Debug|Any CPU.Build.0 = Debug|Any CPU
		{AAF2C896-9F30-4EE9-890E-07065847CD72}.Release|Any CPU.ActiveCfg = Release|Any CPU
		{AAF2C896-9F30-4EE9-890E-07065847CD72}.Release|Any CPU.Build.0 = Release|Any CPU
	EndGlobalSection
	GlobalSection(SolutionProperties) = preSolution
		HideSolutionNode = FALSE
	EndGlobalSection
	GlobalSection(ExtensibilityGlobals) = postSolution
		SolutionGuid = {DFB5AD46-2BA9-438E-88C9-38026B76323C}
	EndGlobalSection
EndGlobal
